
Microsoft Visual Studio Solution File, Format Version 12.00
# Visual Studio Version 16
VisualStudioVersion = 16.0.29306.81
MinimumVisualStudioVersion = 10.0.40219.1
Project("{FAE04EC0-301F-11D3-BF4B-00C04F79EFBC}") = "DotNetCore2Angular", "DotNetCore2Angular\DotNetCore2Angular.csproj", "{A88AFF37-A423-420C-9427-A0B608F3DCA0}"
EndProject
Global
	GlobalSection(SolutionConfigurationPlatforms) = preSolution
		Debug|Any CPU = Debug|Any CPU
		Release|Any CPU = Release|Any CPU
	EndGlobalSection
	GlobalSection(ProjectConfigurationPlatforms) = postSolution
		{A88AFF37-A423-420C-9427-A0B608F3DCA0}.Debug|Any CPU.ActiveCfg = Debug|Any CPU
		{A88AFF37-A423-420C-9427-A0B608F3DCA0}.Debug|Any CPU.Build.0 = Debug|Any CPU
		{A88AFF37-A423-420C-9427-A0B608F3DCA0}.Release|Any CPU.ActiveCfg = Release|Any CPU
		{A88AFF37-A423-420C-9427-A0B608F3DCA0}.Release|Any CPU.Build.0 = Release|Any CPU
	EndGlobalSection
	GlobalSection(SolutionProperties) = preSolution
		HideSolutionNode = FALSE
	EndGlobalSection
	GlobalSection(ExtensibilityGlobals) = postSolution
		SolutionGuid = {BDEC54F7-AD49-48BE-ADFA-2DB531375144}
	EndGlobalSection
EndGlobal
